
Microsoft Visual Studio Solution File, Format Version 12.00
# Visual Studio 15
VisualStudioVersion = 15.0.28307.136
MinimumVisualStudioVersion = 10.0.40219.1
Project("{9A19103F-16F7-4668-BE54-9A1E7A4F7556}") = "ClientLayer", "ClientLayer\ClientLayer.csproj", "{C82E37E7-5CDC-4A86-A11D-763DD99C8E85}"
EndProject
Project("{2150E333-8FDC-42A3-9474-1A3956D46DE8}") = "RepositoryFiles", "RepositoryFiles", "{1FB12588-8DBE-42C5-BB64-54ECBC071F5E}"
	ProjectSection(SolutionItems) = preProject
		.gitignore = .gitignore
		CONTRIBUTING.md = CONTRIBUTING.md
		LICENSE = LICENSE
		README.md = README.md
	EndProjectSection
EndProject
Project("{9A19103F-16F7-4668-BE54-9A1E7A4F7556}") = "Tests", "Tests\Tests.csproj", "{0F74FDB9-430F-4CCC-BAB9-9FF1587896EC}"
EndProject
Global
	GlobalSection(SolutionConfigurationPlatforms) = preSolution
		Debug|Any CPU = Debug|Any CPU
		Release|Any CPU = Release|Any CPU
	EndGlobalSection
	GlobalSection(ProjectConfigurationPlatforms) = postSolution
		{C82E37E7-5CDC-4A86-A11D-763DD99C8E85}.Debug|Any CPU.ActiveCfg = Debug|Any CPU
		{C82E37E7-5CDC-4A86-A11D-763DD99C8E85}.Debug|Any CPU.Build.0 = Debug|Any CPU
		{C82E37E7-5CDC-4A86-A11D-763DD99C8E85}.Release|Any CPU.ActiveCfg = Release|Any CPU
		{C82E37E7-5CDC-4A86-A11D-763DD99C8E85}.Release|Any CPU.Build.0 = Release|Any CPU
		{0F74FDB9-430F-4CCC-BAB9-9FF1587896EC}.Debug|Any CPU.ActiveCfg = Debug|Any CPU
		{0F74FDB9-430F-4CCC-BAB9-9FF1587896EC}.Debug|Any CPU.Build.0 = Debug|Any CPU
		{0F74FDB9-430F-4CCC-BAB9-9FF1587896EC}.Release|Any CPU.ActiveCfg = Release|Any CPU
		{0F74FDB9-430F-4CCC-BAB9-9FF1587896EC}.Release|Any CPU.Build.0 = Release|Any CPU
	EndGlobalSection
	GlobalSection(SolutionProperties) = preSolution
		HideSolutionNode = FALSE
	EndGlobalSection
	GlobalSection(ExtensibilityGlobals) = postSolution
		SolutionGuid = {EF5E8631-45A3-4BC7-B3BC-76C1B6BEF474}
	EndGlobalSection
EndGlobal
